# This file is autogenerated, do not edit; changes may be undone by the next 'dep ensure'.


[[projects]]
  name = "github.com/Sirupsen/logrus"
  packages = ["."]
  revision = "a3f95b5c423586578a4e099b11a46c2479628cac"
  version = "1.0.2"

[[projects]]
  name = "github.com/disintegration/imaging"
  packages = ["."]
  revision = "1b5cf1a92e375a4574a8214eb877fc3f721a612d"
  version = "v1.2.0"

[[projects]]
  name = "github.com/gorilla/websocket"
  packages = ["."]
  revision = "ea4d1f681babbce9545c9c5f3d5194a789c89f5b"
  version = "v1.2.0"

[[projects]]
  branch = "master"
  name = "github.com/knq/chromedp"
  packages = [".","cdp","cdp/accessibility","cdp/animation","cdp/applicationcache","cdp/browser","cdp/cachestorage","cdp/cdputil","cdp/css","cdp/database","cdp/debugger","cdp/dom","cdp/domdebugger","cdp/domsnapshot","cdp/domstorage","cdp/emulation","cdp/heapprofiler","cdp/indexeddb","cdp/input","cdp/inspector","cdp/io","cdp/layertree","cdp/log","cdp/memory","cdp/network","cdp/overlay","cdp/page","cdp/profiler","cdp/runtime","cdp/schema","cdp/security","cdp/serviceworker","cdp/storage","cdp/systeminfo","cdp/target","cdp/tethering","cdp/tracing","client","kb","runner"]
  revision = "b9e4c14157325be092c1c1137edbd584648d8c72"

[[projects]]
  branch = "master"
  name = "github.com/knq/sysutil"
  packages = ["."]
  revision = "7e40594fdcf82ff8690358447b0b4e26558897d6"

[[projects]]
  branch = "master"
  name = "github.com/mailru/easyjson"
  packages = [".","buffer","jlexer","jwriter"]
  revision = "2f5df55504ebc322e4d52d34df6a1f5b503bf26d"

[[projects]]
  name = "github.com/namsral/flag"
  packages = ["."]
  revision = "71ceffbeb0ba60fccc853971bb3ed4d7d90bfd04"
  version = "v1.7.4-pre"

[[projects]]
  branch = "master"
  name = "golang.org/x/image"
  packages = ["bmp","tiff","tiff/lzw"]
  revision = "426cfd8eeb6e08ab1932954e09e3c2cb2bc6e36d"

[[projects]]
  branch = "master"
  name = "golang.org/x/sys"
  packages = ["unix"]
  revision = "c4489faa6e5ab84c0ef40d6ee878f7a030281f0f"

[solve-meta]
  analyzer-name = "dep"
  analyzer-version = 1
  inputs-digest = "a685ec0ef5f74988cfe6daf8a646c9daf457a08bca151f3a618b416371f73f54"
  solver-name = "gps-cdcl"
  solver-version = 1
